<?xml version="1.0" encoding="utf-8"?>
<Project ToolsVersion="4.0" xmlns="http://schemas.microsoft.com/developer/msbuild/2003">
  <ItemGroup>
    <Filter Include="Source Files">
      <UniqueIdentifier>{4FC737F1-C7A5-4376-A066-2A32D752A2FF}</UniqueIdentifier>
      <Extensions>cpp;c;cc;cxx;c++;cppm;ixx;def;odl;idl;hpj;bat;asm;asmx</Extensions>
    </Filter>
    <Filter Include="Header Files">
      <UniqueIdentifier>{93995380-89BD-4b04-88EB-625FBE52EBFB}</UniqueIdentifier>
      <Extensions>h;hh;hpp;hxx;h++;hm;inl;inc;ipp;xsd</Extensions>
    </Filter>
    <Filter Include="Resource Files">
      <UniqueIdentifier>{67DA6AB6-F800-4c08-8B7A-83BB121AAD01}</UniqueIdentifier>
      <Extensions>rc;ico;cur;bmp;dlg;rc2;rct;bin;rgs;gif;jpg;jpeg;jpe;resx;tiff;tif;png;wav;mfcribbon-ms</Extensions>
    </Filter>
  </ItemGroup>
  <ItemGroup>
    <ClInclude Include="bus.h">
      <Filter>Header Files</Filter>
    </ClInclude>
    <ClInclude Include="cpu.h">
      <Filter>Header Files</Filter>
    </ClInclude>
    <ClInclude Include="decode.h">
      <Filter>Header Files</Filter>
    </ClInclude>
    <ClInclude Include="execute.h">
      <Filter>Header Files</Filter>
    </ClInclude>
    <ClInclude Include="fetch.h">
      <Filter>Header Files</Filter>
    </ClInclude>
    <ClInclude Include="file_decoder.h">
      <Filter>Header Files</Filter>
    </ClInclude>
    <ClInclude Include="file_loader.h">
      <Filter>Header Files</Filter>
    </ClInclude>
    <ClInclude Include="memory.h">
      <Filter>Header Files</Filter>
    </ClInclude>
    <ClInclude Include="registers.h">
      <Filter>Header Files</Filter>
    </ClInclude>
    <ClInclude Include="execute_rin.h">
      <Filter>Header Files</Filter>
    </ClInclude>
    <ClInclude Include="execute_toc.h">
      <Filter>Header Files</Filter>
    </ClInclude>
    <ClInclude Include="execute_mem.h">
      <Filter>Header Files</Filter>
    </ClInclude>
    <ClInclude Include="execute_al.h">
      <Filter>Header Files</Filter>
    </ClInclude>
    <ClInclude Include="execute_rex.h">
      <Filter>Header Files</Filter>
    </ClInclude>
    <ClInclude Include="execute_so.h">
      <Filter>Header Files</Filter>
    </ClInclude>
  </ItemGroup>
  <ItemGroup>
    <ClCompile Include="bus.c">
      <Filter>Source Files</Filter>
    </ClCompile>
    <ClCompile Include="cpu.c">
      <Filter>Source Files</Filter>
    </ClCompile>
    <ClCompile Include="decode.c">
      <Filter>Source Files</Filter>
    </ClCompile>
    <ClCompile Include="execute.c">
      <Filter>Source Files</Filter>
    </ClCompile>
    <ClCompile Include="fetch.c">
      <Filter>Source Files</Filter>
    </ClCompile>
    <ClCompile Include="file_decoder.c">
      <Filter>Source Files</Filter>
    </ClCompile>
    <ClCompile Include="file_loader.c">
      <Filter>Source Files</Filter>
    </ClCompile>
    <ClCompile Include="main.c">
      <Filter>Source Files</Filter>
    </ClCompile>
    <ClCompile Include="memory.c">
      <Filter>Source Files</Filter>
    </ClCompile>
    <ClCompile Include="registers.c">
      <Filter>Source Files</Filter>
    </ClCompile>
    <ClCompile Include="execute_rin.c">
      <Filter>Source Files</Filter>
    </ClCompile>
    <ClCompile Include="execute_toc.c">
      <Filter>Source Files</Filter>
    </ClCompile>
    <ClCompile Include="execute_mem.c">
      <Filter>Source Files</Filter>
    </ClCompile>
    <ClCompile Include="execute_al.c">
      <Filter>Source Files</Filter>
    </ClCompile>
    <ClCompile Include="execute_rex.c">
      <Filter>Source Files</Filter>
    </ClCompile>
    <ClCompile Include="execute_so.c">
      <Filter>Source Files</Filter>
    </ClCompile>
  </ItemGroup>
</Project>